
Microsoft Visual Studio Solution File, Format Version 12.00
# Visual Studio Version 17
VisualStudioVersion = 17.7.34202.233
MinimumVisualStudioVersion = 10.0.40219.1
Project("{FAE04EC0-301F-11D3-BF4B-00C04F79EFBC}") = "01Kintamieji", "01Kintamieji\01Kintamieji.csproj", "{622641D8-1C8D-48DA-99F5-BAECEB3AEBF1}"
EndProject
Project("{2150E333-8FDC-42A3-9474-1A3956D46DE8}") = "01 kintamieji", "01 kintamieji", "{66C1EF7F-F54C-4AB8-A66C-E6CDD6EDF022}"
EndProject
Project("{2150E333-8FDC-42A3-9474-1A3956D46DE8}") = "02 isvedimas", "02 isvedimas", "{71B6D317-53AF-4396-99FC-8577F7816808}"
EndProject
Project("{FAE04EC0-301F-11D3-BF4B-00C04F79EFBC}") = "Uzduotis 03", "Uzduotis01\Uzduotis 03.csproj", "{EEDB427C-5A6D-4198-AF77-1C3F7F7F0D3C}"
EndProject
Project("{FAE04EC0-301F-11D3-BF4B-00C04F79EFBC}") = "Uzduotis 01", "Uzduotis 01\Uzduotis 01.csproj", "{D13040B6-0EDE-42E5-96E8-828447B81A99}"
EndProject
Project("{FAE04EC0-301F-11D3-BF4B-00C04F79EFBC}") = "Uzduotis 02", "Uzduotis 02\Uzduotis 02.csproj", "{6CDC2B14-B271-4715-B85A-D9A72851754D}"
EndProject
Project("{FAE04EC0-301F-11D3-BF4B-00C04F79EFBC}") = "Uzduotis 04", "Uzuodis 04\Uzduotis 04.csproj", "{7E5B7396-0E02-4CFA-B90B-409798808080}"
EndProject
Project("{FAE04EC0-301F-11D3-BF4B-00C04F79EFBC}") = "Uzduotis 05", "Uzduotis 05\Uzduotis 05.csproj", "{E8ED795A-EAAC-45F2-946D-8A211324327C}"
EndProject
Project("{FAE04EC0-301F-11D3-BF4B-00C04F79EFBC}") = "Uzduotis 06", "Uzduotis 06\Uzduotis 06.csproj", "{6D8924FC-0134-4A76-8233-86851B8BC065}"
EndProject
Project("{2150E333-8FDC-42A3-9474-1A3956D46DE8}") = "03 Ivedimas", "03 Ivedimas", "{9EDE94E6-16C0-4BE3-BFBA-90A3B5B58A1D}"
EndProject
Project("{FAE04EC0-301F-11D3-BF4B-00C04F79EFBC}") = "Uzduotis 07", "Uzduotis 07\Uzduotis 07.csproj", "{FE426A0B-A540-442B-80CB-94633FCAE7EF}"
EndProject
Project("{FAE04EC0-301F-11D3-BF4B-00C04F79EFBC}") = "Uzduotis 08", "Uzduotis 08\Uzduotis 08.csproj", "{BE6EF78F-0235-457A-8EE3-5DBAF38AF0F2}"
EndProject
Project("{FAE04EC0-301F-11D3-BF4B-00C04F79EFBC}") = "Uzduotis 10", "Uzduotis 10\Uzduotis 10.csproj", "{2BBE145F-E45F-479F-814D-B38EDC956B0E}"
EndProject
Project("{2150E333-8FDC-42A3-9474-1A3956D46DE8}") = "13 uzduotis", "13 uzduotis", "{7F70D1E0-1CDE-44D2-A183-4FC7F64CF979}"
EndProject
Project("{FAE04EC0-301F-11D3-BF4B-00C04F79EFBC}") = "Uzduotis 11", "Uzduotis 11\Uzduotis 11.csproj", "{531C072F-6469-4936-9C65-144750167A42}"
EndProject
Project("{FAE04EC0-301F-11D3-BF4B-00C04F79EFBC}") = "Uzduotis 12", "Uzduotis 12\Uzduotis 12.csproj", "{C4D0EB09-167A-4629-9E8A-4421E5E39A4D}"
EndProject
Project("{FAE04EC0-301F-11D3-BF4B-00C04F79EFBC}") = "Uzduotis 13", "Uzduotis 13\Uzduotis 13.csproj", "{203FCA06-976A-4FC8-B469-B7FAEA62A0F4}"
EndProject
Global
	GlobalSection(SolutionConfigurationPlatforms) = preSolution
		Debug|Any CPU = Debug|Any CPU
		Release|Any CPU = Release|Any CPU
	EndGlobalSection
	GlobalSection(ProjectConfigurationPlatforms) = postSolution
		{622641D8-1C8D-48DA-99F5-BAECEB3AEBF1}.Debug|Any CPU.ActiveCfg = Debug|Any CPU
		{622641D8-1C8D-48DA-99F5-BAECEB3AEBF1}.Debug|Any CPU.Build.0 = Debug|Any CPU
		{622641D8-1C8D-48DA-99F5-BAECEB3AEBF1}.Release|Any CPU.ActiveCfg = Release|Any CPU
		{622641D8-1C8D-48DA-99F5-BAECEB3AEBF1}.Release|Any CPU.Build.0 = Release|Any CPU
		{EEDB427C-5A6D-4198-AF77-1C3F7F7F0D3C}.Debug|Any CPU.ActiveCfg = Debug|Any CPU
		{EEDB427C-5A6D-4198-AF77-1C3F7F7F0D3C}.Debug|Any CPU.Build.0 = Debug|Any CPU
		{EEDB427C-5A6D-4198-AF77-1C3F7F7F0D3C}.Release|Any CPU.ActiveCfg = Release|Any CPU
		{EEDB427C-5A6D-4198-AF77-1C3F7F7F0D3C}.Release|Any CPU.Build.0 = Release|Any CPU
		{D13040B6-0EDE-42E5-96E8-828447B81A99}.Debug|Any CPU.ActiveCfg = Debug|Any CPU
		{D13040B6-0EDE-42E5-96E8-828447B81A99}.Debug|Any CPU.Build.0 = Debug|Any CPU
		{D13040B6-0EDE-42E5-96E8-828447B81A99}.Release|Any CPU.ActiveCfg = Release|Any CPU
		{D13040B6-0EDE-42E5-96E8-828447B81A99}.Release|Any CPU.Build.0 = Release|Any CPU
		{6CDC2B14-B271-4715-B85A-D9A72851754D}.Debug|Any CPU.ActiveCfg = Debug|Any CPU
		{6CDC2B14-B271-4715-B85A-D9A72851754D}.Debug|Any CPU.Build.0 = Debug|Any CPU
		{6CDC2B14-B271-4715-B85A-D9A72851754D}.Release|Any CPU.ActiveCfg = Release|Any CPU
		{6CDC2B14-B271-4715-B85A-D9A72851754D}.Release|Any CPU.Build.0 = Release|Any CPU
		{7E5B7396-0E02-4CFA-B90B-409798808080}.Debug|Any CPU.ActiveCfg = Debug|Any CPU
		{7E5B7396-0E02-4CFA-B90B-409798808080}.Debug|Any CPU.Build.0 = Debug|Any CPU
		{7E5B7396-0E02-4CFA-B90B-409798808080}.Release|Any CPU.ActiveCfg = Release|Any CPU
		{7E5B7396-0E02-4CFA-B90B-409798808080}.Release|Any CPU.Build.0 = Release|Any CPU
		{E8ED795A-EAAC-45F2-946D-8A211324327C}.Debug|Any CPU.ActiveCfg = Debug|Any CPU
		{E8ED795A-EAAC-45F2-946D-8A211324327C}.Debug|Any CPU.Build.0 = Debug|Any CPU
		{E8ED795A-EAAC-45F2-946D-8A211324327C}.Release|Any CPU.ActiveCfg = Release|Any CPU
		{E8ED795A-EAAC-45F2-946D-8A211324327C}.Release|Any CPU.Build.0 = Release|Any CPU
		{6D8924FC-0134-4A76-8233-86851B8BC065}.Debug|Any CPU.ActiveCfg = Debug|Any CPU
		{6D8924FC-0134-4A76-8233-86851B8BC065}.Debug|Any CPU.Build.0 = Debug|Any CPU
		{6D8924FC-0134-4A76-8233-86851B8BC065}.Release|Any CPU.ActiveCfg = Release|Any CPU
		{6D8924FC-0134-4A76-8233-86851B8BC065}.Release|Any CPU.Build.0 = Release|Any CPU
		{FE426A0B-A540-442B-80CB-94633FCAE7EF}.Debug|Any CPU.ActiveCfg = Debug|Any CPU
		{FE426A0B-A540-442B-80CB-94633FCAE7EF}.Debug|Any CPU.Build.0 = Debug|Any CPU
		{FE426A0B-A540-442B-80CB-94633FCAE7EF}.Release|Any CPU.ActiveCfg = Release|Any CPU
		{FE426A0B-A540-442B-80CB-94633FCAE7EF}.Release|Any CPU.Build.0 = Release|Any CPU
		{BE6EF78F-0235-457A-8EE3-5DBAF38AF0F2}.Debug|Any CPU.ActiveCfg = Debug|Any CPU
		{BE6EF78F-0235-457A-8EE3-5DBAF38AF0F2}.Debug|Any CPU.Build.0 = Debug|Any CPU
		{BE6EF78F-0235-457A-8EE3-5DBAF38AF0F2}.Release|Any CPU.ActiveCfg = Release|Any CPU
		{BE6EF78F-0235-457A-8EE3-5DBAF38AF0F2}.Release|Any CPU.Build.0 = Release|Any CPU
		{2BBE145F-E45F-479F-814D-B38EDC956B0E}.Debug|Any CPU.ActiveCfg = Debug|Any CPU
		{2BBE145F-E45F-479F-814D-B38EDC956B0E}.Debug|Any CPU.Build.0 = Debug|Any CPU
		{2BBE145F-E45F-479F-814D-B38EDC956B0E}.Release|Any CPU.ActiveCfg = Release|Any CPU
		{2BBE145F-E45F-479F-814D-B38EDC956B0E}.Release|Any CPU.Build.0 = Release|Any CPU
		{531C072F-6469-4936-9C65-144750167A42}.Debug|Any CPU.ActiveCfg = Debug|Any CPU
		{531C072F-6469-4936-9C65-144750167A42}.Debug|Any CPU.Build.0 = Debug|Any CPU
		{531C072F-6469-4936-9C65-144750167A42}.Release|Any CPU.ActiveCfg = Release|Any CPU
		{531C072F-6469-4936-9C65-144750167A42}.Release|Any CPU.Build.0 = Release|Any CPU
		{C4D0EB09-167A-4629-9E8A-4421E5E39A4D}.Debug|Any CPU.ActiveCfg = Debug|Any CPU
		{C4D0EB09-167A-4629-9E8A-4421E5E39A4D}.Debug|Any CPU.Build.0 = Debug|Any CPU
		{C4D0EB09-167A-4629-9E8A-4421E5E39A4D}.Release|Any CPU.ActiveCfg = Release|Any CPU
		{C4D0EB09-167A-4629-9E8A-4421E5E39A4D}.Release|Any CPU.Build.0 = Release|Any CPU
		{203FCA06-976A-4FC8-B469-B7FAEA62A0F4}.Debug|Any CPU.ActiveCfg = Debug|Any CPU
		{203FCA06-976A-4FC8-B469-B7FAEA62A0F4}.Debug|Any CPU.Build.0 = Debug|Any CPU
		{203FCA06-976A-4FC8-B469-B7FAEA62A0F4}.Release|Any CPU.ActiveCfg = Release|Any CPU
		{203FCA06-976A-4FC8-B469-B7FAEA62A0F4}.Release|Any CPU.Build.0 = Release|Any CPU
	EndGlobalSection
	GlobalSection(SolutionProperties) = preSolution
		HideSolutionNode = FALSE
	EndGlobalSection
	GlobalSection(NestedProjects) = preSolution
		{EEDB427C-5A6D-4198-AF77-1C3F7F7F0D3C} = {71B6D317-53AF-4396-99FC-8577F7816808}
		{D13040B6-0EDE-42E5-96E8-828447B81A99} = {66C1EF7F-F54C-4AB8-A66C-E6CDD6EDF022}
		{6CDC2B14-B271-4715-B85A-D9A72851754D} = {66C1EF7F-F54C-4AB8-A66C-E6CDD6EDF022}
		{7E5B7396-0E02-4CFA-B90B-409798808080} = {71B6D317-53AF-4396-99FC-8577F7816808}
		{E8ED795A-EAAC-45F2-946D-8A211324327C} = {71B6D317-53AF-4396-99FC-8577F7816808}
		{6D8924FC-0134-4A76-8233-86851B8BC065} = {71B6D317-53AF-4396-99FC-8577F7816808}
		{FE426A0B-A540-442B-80CB-94633FCAE7EF} = {9EDE94E6-16C0-4BE3-BFBA-90A3B5B58A1D}
		{BE6EF78F-0235-457A-8EE3-5DBAF38AF0F2} = {9EDE94E6-16C0-4BE3-BFBA-90A3B5B58A1D}
		{2BBE145F-E45F-479F-814D-B38EDC956B0E} = {9EDE94E6-16C0-4BE3-BFBA-90A3B5B58A1D}
		{531C072F-6469-4936-9C65-144750167A42} = {7F70D1E0-1CDE-44D2-A183-4FC7F64CF979}
		{C4D0EB09-167A-4629-9E8A-4421E5E39A4D} = {7F70D1E0-1CDE-44D2-A183-4FC7F64CF979}
		{203FCA06-976A-4FC8-B469-B7FAEA62A0F4} = {7F70D1E0-1CDE-44D2-A183-4FC7F64CF979}
	EndGlobalSection
	GlobalSection(ExtensibilityGlobals) = postSolution
		SolutionGuid = {F7C48253-DC96-46CA-BBD4-CDE72C2D32E9}
	EndGlobalSection
EndGlobal
